<?xml version="1.0" encoding="utf-8"?>
<Project ToolsVersion="4.0" xmlns="http://schemas.microsoft.com/developer/msbuild/2003">
  <ItemGroup>
    <Filter Include="Source Files">
      <UniqueIdentifier>{4FC737F1-C7A5-4376-A066-2A32D752A2FF}</UniqueIdentifier>
      <Extensions>cpp;c;cc;cxx;def;odl;idl;hpj;bat;asm;asmx</Extensions>
    </Filter>
    <Filter Include="Header Files">
      <UniqueIdentifier>{93995380-89BD-4b04-88EB-625FBE52EBFB}</UniqueIdentifier>
      <Extensions>h;hh;hpp;hxx;hm;inl;inc;xsd</Extensions>
    </Filter>
    <Filter Include="Resource Files">
      <UniqueIdentifier>{67DA6AB6-F800-4c08-8B7A-83BB121AAD01}</UniqueIdentifier>
      <Extensions>rc;ico;cur;bmp;dlg;rc2;rct;bin;rgs;gif;jpg;jpeg;jpe;resx;tiff;tif;png;wav;mfcribbon-ms</Extensions>
    </Filter>
    <Filter Include="Header Files\MonteCarlo">
      <UniqueIdentifier>{45d3d7ed-e4cd-4987-93a5-610880c8b731}</UniqueIdentifier>
    </Filter>
    <Filter Include="Source Files\MonteCarlo">
      <UniqueIdentifier>{6bda90c0-5a1c-4adc-88f9-dd5b12697fb0}</UniqueIdentifier>
    </Filter>
    <Filter Include="Header Files\State">
      <UniqueIdentifier>{c4978e07-3d6f-44c0-acb0-3f0a64228311}</UniqueIdentifier>
    </Filter>
    <Filter Include="Source Files\State">
      <UniqueIdentifier>{a61497e0-2d30-4acd-ba29-09d810e12d91}</UniqueIdentifier>
    </Filter>
    <Filter Include="Header Files\Data">
      <UniqueIdentifier>{e3927dad-edb4-4b24-bcbd-5a00084391dd}</UniqueIdentifier>
    </Filter>
    <Filter Include="Header Files\Action">
      <UniqueIdentifier>{7fbf65de-c8cd-435b-8249-102d4a249c32}</UniqueIdentifier>
    </Filter>
    <Filter Include="Source Files\Action">
      <UniqueIdentifier>{a9adf55e-7313-4557-88eb-a461240f718f}</UniqueIdentifier>
    </Filter>
    <Filter Include="Source Files\Data">
      <UniqueIdentifier>{c9022bac-c57d-499b-8219-220377d2c697}</UniqueIdentifier>
    </Filter>
    <Filter Include="Header Files\Score">
      <UniqueIdentifier>{140cbd97-6f29-4f51-83d7-afce397e60a4}</UniqueIdentifier>
    </Filter>
    <Filter Include="Source Files\Score">
      <UniqueIdentifier>{84d01829-cd4e-4dde-8ede-9beaaff7201f}</UniqueIdentifier>
    </Filter>
    <Filter Include="Source Files\Settings">
      <UniqueIdentifier>{d67704d1-20f0-4bbe-93a2-c449f97358a5}</UniqueIdentifier>
    </Filter>
    <Filter Include="Header Files\Settings">
      <UniqueIdentifier>{f5076ed4-c78b-4df4-8512-cf10941c263b}</UniqueIdentifier>
    </Filter>
    <Filter Include="Header Files\StateMachine">
      <UniqueIdentifier>{1a8a3307-0b73-40b8-9cdd-0a90969dccdf}</UniqueIdentifier>
    </Filter>
    <Filter Include="Source Files\StateMachine">
      <UniqueIdentifier>{b9e0cfe0-dfb5-42ed-8e01-c34624fb7475}</UniqueIdentifier>
    </Filter>
    <Filter Include="Source Files\Settings\Importers">
      <UniqueIdentifier>{7f532a2c-7824-40c3-ba7e-32539082ee97}</UniqueIdentifier>
    </Filter>
    <Filter Include="Header Files\Settings\Importers">
      <UniqueIdentifier>{a5c408d0-9fc3-4cf1-8306-62dbc131148e}</UniqueIdentifier>
    </Filter>
  </ItemGroup>
  <ItemGroup>
    <ClInclude Include="Source\MonteCarlo\TreeNode.h">
      <Filter>Header Files\MonteCarlo</Filter>
    </ClInclude>
    <ClInclude Include="Source\MonteCarlo\BestScoreCollection.h">
      <Filter>Header Files\MonteCarlo</Filter>
    </ClInclude>
    <ClInclude Include="Source\Api.h">
      <Filter>Header Files</Filter>
    </ClInclude>
    <ClInclude Include="Source\Data\Bitfield.h">
      <Filter>Header Files\Data</Filter>
    </ClInclude>
    <ClInclude Include="Source\Action\ButtonSet.h">
      <Filter>Header Files\Action</Filter>
    </ClInclude>
    <ClInclude Include="Source\Data\BinaryCodedDecimal.h">
      <Filter>Header Files\Data</Filter>
    </ClInclude>
    <ClInclude Include="Source\Score\Score.h">
      <Filter>Header Files\Score</Filter>
    </ClInclude>
    <ClInclude Include="Source\MonteCarlo\MonteCarloTreeBase.h">
      <Filter>Header Files\MonteCarlo</Filter>
    </ClInclude>
    <ClInclude Include="Source\MonteCarlo\UctMonteCarloTree.h">
      <Filter>Header Files\MonteCarlo</Filter>
    </ClInclude>
    <ClInclude Include="Source\MonteCarlo\GameMonteCarloTree.h">
      <Filter>Header Files\MonteCarlo</Filter>
    </ClInclude>
    <ClInclude Include="Source\State\Savestate.h">
      <Filter>Header Files\State</Filter>
    </ClInclude>
    <ClInclude Include="Source\Debug.h">
      <Filter>Header Files</Filter>
    </ClInclude>
    <ClInclude Include="Source\Data\Ram.h">
      <Filter>Header Files\Data</Filter>
    </ClInclude>
    <ClInclude Include="Source\Settings\AiSettings.h">
      <Filter>Header Files\Settings</Filter>
    </ClInclude>
    <ClInclude Include="Source\Settings\ConsoleSettings.h">
      <Filter>Header Files\Settings</Filter>
    </ClInclude>
    <ClInclude Include="Source\Settings\GameSettings.h">
      <Filter>Header Files\Settings</Filter>
    </ClInclude>
    <ClInclude Include="Source\StateMachine\StateMachine.h">
      <Filter>Header Files\StateMachine</Filter>
    </ClInclude>
    <ClInclude Include="Source\StateMachine\ExpansionState.h">
      <Filter>Header Files\StateMachine</Filter>
    </ClInclude>
    <ClInclude Include="Source\StateMachine\InitialisationState.h">
      <Filter>Header Files\StateMachine</Filter>
    </ClInclude>
    <ClInclude Include="Source\StateMachine\SimulationState.h">
      <Filter>Header Files\StateMachine</Filter>
    </ClInclude>
    <ClInclude Include="Source\Settings\Importers\BasicSettingsImporter.h">
      <Filter>Header Files\Settings\Importers</Filter>
    </ClInclude>
    <ClInclude Include="Source\Score\ScoreLog.h">
      <Filter>Header Files\Score</Filter>
    </ClInclude>
  </ItemGroup>
  <ItemGroup>
    <ClCompile Include="Source\Main.cpp">
      <Filter>Source Files</Filter>
    </ClCompile>
    <ClCompile Include="Source\Api.cpp">
      <Filter>Source Files</Filter>
    </ClCompile>
    <ClCompile Include="Source\Action\ButtonSet.cpp">
      <Filter>Source Files\Action</Filter>
    </ClCompile>
    <ClCompile Include="Source\Data\BinaryCodedDecimal.cpp">
      <Filter>Source Files\Data</Filter>
    </ClCompile>
    <ClCompile Include="Source\MonteCarlo\TreeNode.cpp">
      <Filter>Source Files\MonteCarlo</Filter>
    </ClCompile>
    <ClCompile Include="Source\MonteCarlo\MonteCarloTreeBase.cpp">
      <Filter>Source Files\MonteCarlo</Filter>
    </ClCompile>
    <ClCompile Include="Source\MonteCarlo\UctMonteCarloTree.cpp">
      <Filter>Source Files\MonteCarlo</Filter>
    </ClCompile>
    <ClCompile Include="Source\Score\Score.cpp">
      <Filter>Source Files\Score</Filter>
    </ClCompile>
    <ClCompile Include="Source\MonteCarlo\GameMonteCarloTree.cpp">
      <Filter>Source Files\MonteCarlo</Filter>
    </ClCompile>
    <ClCompile Include="Source\State\Savestate.cpp">
      <Filter>Source Files\State</Filter>
    </ClCompile>
    <ClCompile Include="Source\Debug.cpp">
      <Filter>Source Files</Filter>
    </ClCompile>
    <ClCompile Include="Source\Data\Ram.cpp">
      <Filter>Source Files\Data</Filter>
    </ClCompile>
    <ClCompile Include="Source\Settings\AiSettings.cpp">
      <Filter>Source Files\Settings</Filter>
    </ClCompile>
    <ClCompile Include="Source\Settings\ConsoleSettings.cpp">
      <Filter>Source Files\Settings</Filter>
    </ClCompile>
    <ClCompile Include="Source\Settings\GameSettings.cpp">
      <Filter>Source Files\Settings</Filter>
    </ClCompile>
    <ClCompile Include="Source\StateMachine\StateMachine.cpp">
      <Filter>Source Files\StateMachine</Filter>
    </ClCompile>
    <ClCompile Include="Source\StateMachine\ExpansionState.cpp">
      <Filter>Source Files\StateMachine</Filter>
    </ClCompile>
    <ClCompile Include="Source\StateMachine\InitialisationState.cpp">
      <Filter>Source Files\StateMachine</Filter>
    </ClCompile>
    <ClCompile Include="Source\StateMachine\SimulationState.cpp">
      <Filter>Source Files\StateMachine</Filter>
    </ClCompile>
    <ClCompile Include="Source\Settings\Importers\BasicSettingsImporter.cpp">
      <Filter>Source Files\Settings\Importers</Filter>
    </ClCompile>
    <ClCompile Include="Source\Score\ScoreLog.cpp">
      <Filter>Source Files\Score</Filter>
    </ClCompile>
  </ItemGroup>
</Project>