<?xml version="1.0" encoding="utf-8"?>
<Project ToolsVersion="4.0" xmlns="http://schemas.microsoft.com/developer/msbuild/2003">
  <ItemGroup>
    <Filter Include="Source Files">
      <UniqueIdentifier>{4FC737F1-C7A5-4376-A066-2A32D752A2FF}</UniqueIdentifier>
      <Extensions>cpp;c;cc;cxx;def;odl;idl;hpj;bat;asm;asmx</Extensions>
    </Filter>
    <Filter Include="Header Files">
      <UniqueIdentifier>{93995380-89BD-4b04-88EB-625FBE52EBFB}</UniqueIdentifier>
      <Extensions>h;hh;hpp;hxx;hm;inl;inc;xsd</Extensions>
    </Filter>
    <Filter Include="Resource Files">
      <UniqueIdentifier>{67DA6AB6-F800-4c08-8B7A-83BB121AAD01}</UniqueIdentifier>
      <Extensions>rc;ico;cur;bmp;dlg;rc2;rct;bin;rgs;gif;jpg;jpeg;jpe;resx;tiff;tif;png;wav;mfcribbon-ms</Extensions>
    </Filter>
    <Filter Include="Header Files\MonteCarlo">
      <UniqueIdentifier>{45d3d7ed-e4cd-4987-93a5-610880c8b731}</UniqueIdentifier>
    </Filter>
    <Filter Include="Source Files\MonteCarlo">
      <UniqueIdentifier>{6bda90c0-5a1c-4adc-88f9-dd5b12697fb0}</UniqueIdentifier>
    </Filter>
    <Filter Include="Header Files\State">
      <UniqueIdentifier>{c4978e07-3d6f-44c0-acb0-3f0a64228311}</UniqueIdentifier>
    </Filter>
    <Filter Include="Source Files\State">
      <UniqueIdentifier>{a61497e0-2d30-4acd-ba29-09d810e12d91}</UniqueIdentifier>
    </Filter>
    <Filter Include="Header Files\ConsoleSpecs">
      <UniqueIdentifier>{5dabd3b6-310e-46ce-add3-4049829ce59b}</UniqueIdentifier>
    </Filter>
  </ItemGroup>
  <ItemGroup>
    <ClInclude Include="Source\MonteCarlo\TreeNode.h">
      <Filter>Header Files\MonteCarlo</Filter>
    </ClInclude>
    <ClInclude Include="Source\MonteCarlo\MonteCarloBase.h">
      <Filter>Header Files\MonteCarlo</Filter>
    </ClInclude>
    <ClInclude Include="Source\MonteCarlo\UctMonteCarlo.h">
      <Filter>Header Files\MonteCarlo</Filter>
    </ClInclude>
    <ClInclude Include="Source\MonteCarlo\BestScoreCollection.h">
      <Filter>Header Files\MonteCarlo</Filter>
    </ClInclude>
    <ClInclude Include="Source\MonteCarloTest.h">
      <Filter>Header Files</Filter>
    </ClInclude>
    <ClInclude Include="Source\State\Ram.h">
      <Filter>Header Files\State</Filter>
    </ClInclude>
    <ClInclude Include="Source\ConsoleSpecs\NesSpecs.h">
      <Filter>Header Files\ConsoleSpecs</Filter>
    </ClInclude>
    <ClInclude Include="Source\ConsoleSpecs\ConsoleSpecs.h">
      <Filter>Header Files\ConsoleSpecs</Filter>
    </ClInclude>
  </ItemGroup>
  <ItemGroup>
    <ClCompile Include="Source\Main.cpp">
      <Filter>Source Files</Filter>
    </ClCompile>
    <ClCompile Include="Source\MonteCarlo\UctMonteCarlo.cpp">
      <Filter>Source Files\MonteCarlo</Filter>
    </ClCompile>
    <ClCompile Include="Source\State\Ram.cpp">
      <Filter>Source Files\State</Filter>
    </ClCompile>
  </ItemGroup>
</Project>